<?xml version="1.0" encoding="utf-8"?>
<Project ToolsVersion="4.0" xmlns="http://schemas.microsoft.com/developer/msbuild/2003">
  <ItemGroup>
    <ClCompile Include="src\compat.c" />
    <ClCompile Include="src\deep.c" />
    <ClCompile Include="src\keeper.c" />
    <ClCompile Include="src\lanes.c" />
    <ClCompile Include="src\threading.c" />
    <ClCompile Include="src\tools.c" />
    <ClCompile Include="src\universe.c" />
  </ItemGroup>
  <ItemGroup>
    <ClInclude Include="src\compat.h" />
    <ClInclude Include="src\deep.h" />
    <ClInclude Include="src\keeper.h" />
    <ClInclude Include="src\lanes.h" />
    <ClInclude Include="src\macros_and_utils.h" />
    <ClInclude Include="src\threading.h" />
    <ClInclude Include="src\tools.h" />
    <ClInclude Include="src\universe.h" />
  </ItemGroup>
</Project>